
Microsoft Visual Studio Solution File, Format Version 12.00
# Visual Studio 15
VisualStudioVersion = 15.0.27130.2003
MinimumVisualStudioVersion = 10.0.40219.1
Project("{FAE04EC0-301F-11D3-BF4B-00C04F79EFBC}") = "GrandHotel", "GrandHotel\GrandHotel.csproj", "{40F767CB-AAF3-4F06-9C64-18C699E233EF}"
EndProject
Project("{FAE04EC0-301F-11D3-BF4B-00C04F79EFBC}") = "TConsole", "..\Outils\Console\TConsole.csproj", "{222ADAFA-6E7D-404C-A04D-DB30BDF702A9}"
EndProject
Global
	GlobalSection(SolutionConfigurationPlatforms) = preSolution
		Debug|Any CPU = Debug|Any CPU
		Release|Any CPU = Release|Any CPU
	EndGlobalSection
	GlobalSection(ProjectConfigurationPlatforms) = postSolution
		{40F767CB-AAF3-4F06-9C64-18C699E233EF}.Debug|Any CPU.ActiveCfg = Debug|Any CPU
		{40F767CB-AAF3-4F06-9C64-18C699E233EF}.Debug|Any CPU.Build.0 = Debug|Any CPU
		{40F767CB-AAF3-4F06-9C64-18C699E233EF}.Release|Any CPU.ActiveCfg = Release|Any CPU
		{40F767CB-AAF3-4F06-9C64-18C699E233EF}.Release|Any CPU.Build.0 = Release|Any CPU
		{222ADAFA-6E7D-404C-A04D-DB30BDF702A9}.Debug|Any CPU.ActiveCfg = Debug|Any CPU
		{222ADAFA-6E7D-404C-A04D-DB30BDF702A9}.Debug|Any CPU.Build.0 = Debug|Any CPU
		{222ADAFA-6E7D-404C-A04D-DB30BDF702A9}.Release|Any CPU.ActiveCfg = Release|Any CPU
		{222ADAFA-6E7D-404C-A04D-DB30BDF702A9}.Release|Any CPU.Build.0 = Release|Any CPU
	EndGlobalSection
	GlobalSection(SolutionProperties) = preSolution
		HideSolutionNode = FALSE
	EndGlobalSection
	GlobalSection(ExtensibilityGlobals) = postSolution
		SolutionGuid = {B1BEE11E-110F-4800-8F34-859545839509}
	EndGlobalSection
EndGlobal
